
Microsoft Visual Studio Solution File, Format Version 12.00
# Visual Studio Version 17
VisualStudioVersion = 17.7.34221.43
MinimumVisualStudioVersion = 10.0.40219.1
Project("{9A19103F-16F7-4668-BE54-9A1E7A4F7556}") = "HobbyWebsiteCore", "HobbyWebsiteCore\HobbyWebsiteCore.csproj", "{7DC754F3-3FC7-4BC1-9688-E4DA8C37B640}"
EndProject
Project("{FAE04EC0-301F-11D3-BF4B-00C04F79EFBC}") = "HobbyRepositoryCore", "HobbyRepositoryCore\HobbyRepositoryCore.csproj", "{B107254C-E6AC-422C-9307-068AF648BD58}"
EndProject
Project("{FAE04EC0-301F-11D3-BF4B-00C04F79EFBC}") = "HobbyServiceCore", "HobbyServicesCore\HobbyServiceCore.csproj", "{3A3214C2-F5DE-49B0-9169-10D81F6A7FC1}"
EndProject
Global
	GlobalSection(SolutionConfigurationPlatforms) = preSolution
		Debug|Any CPU = Debug|Any CPU
		Release|Any CPU = Release|Any CPU
	EndGlobalSection
	GlobalSection(ProjectConfigurationPlatforms) = postSolution
		{7DC754F3-3FC7-4BC1-9688-E4DA8C37B640}.Debug|Any CPU.ActiveCfg = Debug|Any CPU
		{7DC754F3-3FC7-4BC1-9688-E4DA8C37B640}.Debug|Any CPU.Build.0 = Debug|Any CPU
		{7DC754F3-3FC7-4BC1-9688-E4DA8C37B640}.Release|Any CPU.ActiveCfg = Release|Any CPU
		{7DC754F3-3FC7-4BC1-9688-E4DA8C37B640}.Release|Any CPU.Build.0 = Release|Any CPU
		{B107254C-E6AC-422C-9307-068AF648BD58}.Debug|Any CPU.ActiveCfg = Debug|Any CPU
		{B107254C-E6AC-422C-9307-068AF648BD58}.Debug|Any CPU.Build.0 = Debug|Any CPU
		{B107254C-E6AC-422C-9307-068AF648BD58}.Release|Any CPU.ActiveCfg = Release|Any CPU
		{B107254C-E6AC-422C-9307-068AF648BD58}.Release|Any CPU.Build.0 = Release|Any CPU
		{3A3214C2-F5DE-49B0-9169-10D81F6A7FC1}.Debug|Any CPU.ActiveCfg = Debug|Any CPU
		{3A3214C2-F5DE-49B0-9169-10D81F6A7FC1}.Debug|Any CPU.Build.0 = Debug|Any CPU
		{3A3214C2-F5DE-49B0-9169-10D81F6A7FC1}.Release|Any CPU.ActiveCfg = Release|Any CPU
		{3A3214C2-F5DE-49B0-9169-10D81F6A7FC1}.Release|Any CPU.Build.0 = Release|Any CPU
	EndGlobalSection
	GlobalSection(SolutionProperties) = preSolution
		HideSolutionNode = FALSE
	EndGlobalSection
	GlobalSection(ExtensibilityGlobals) = postSolution
		SolutionGuid = {7A66E93D-15A7-4768-AAD6-7B314104F4DC}
	EndGlobalSection
EndGlobal
